// !$*UTF8*$!
{
	archiveVersion = 1;
	classes = {
	};
	objectVersion = 77;
	objects = {

/* Begin PBXBuildFile section */
		810A5E252FAD0584007B77E1 /* monitorExtension.appex in Embed ExtensionKit Extensions */ = {isa = PBXBuildFile; fileRef = 810A5E192FAD0583007B77E1 /* monitorExtension.appex */; settings = {ATTRIBUTES = (RemoveHeadersOnCopy, ); }; };
/* End PBXBuildFile section */

/* Begin PBXContainerItemProxy section */
		810A5DF92FAD044E007B77E1 /* PBXContainerItemProxy */ = {
			isa = PBXContainerItemProxy;
			containerPortal = 810A5DE32FAD044D007B77E1 /* Project object */;
			proxyType = 1;
			remoteGlobalIDString = 810A5DEA2FAD044D007B77E1;
			remoteInfo = Screentime;
		};
		810A5E032FAD044E007B77E1 /* PBXContainerItemProxy */ = {
			isa = PBXContainerItemProxy;
			containerPortal = 810A5DE32FAD044D007B77E1 /* Project object */;
			proxyType = 1;
			remoteGlobalIDString = 810A5DEA2FAD044D007B77E1;
			remoteInfo = Screentime;
		};
		810A5E232FAD0584007B77E1 /* PBXContainerItemProxy */ = {
			isa = PBXContainerItemProxy;
			containerPortal = 810A5DE32FAD044D007B77E1 /* Project object */;
			proxyType = 1;
			remoteGlobalIDString = 810A5E182FAD0583007B77E1;
			remoteInfo = monitorExtension;
		};
/* End PBXContainerItemProxy section */

/* Begin PBXCopyFilesBuildPhase section */
		810A5E2A2FAD0584007B77E1 /* Embed ExtensionKit Extensions */ = {
			isa = PBXCopyFilesBuildPhase;
			buildActionMask = 2147483647;
			dstPath = "$(EXTENSIONS_FOLDER_PATH)";
			dstSubfolderSpec = 16;
			files = (
				810A5E252FAD0584007B77E1 /* monitorExtension.appex in Embed ExtensionKit Extensions */,
			);
			name = "Embed ExtensionKit Extensions";
			runOnlyForDeploymentPostprocessing = 0;
		};
/* End PBXCopyFilesBuildPhase section */

/* Begin PBXFileReference section */
		810A5DEB2FAD044D007B77E1 /* Screentime.app */ = {isa = PBXFileReference; explicitFileType = wrapper.application; includeInIndex = 0; path = Screentime.app; sourceTree = BUILT_PRODUCTS_DIR; };
		810A5DF82FAD044E007B77E1 /* ScreentimeTests.xctest */ = {isa = PBXFileReference; explicitFileType = wrapper.cfbundle; includeInIndex = 0; path = ScreentimeTests.xctest; sourceTree = BUILT_PRODUCTS_DIR; };
		810A5E022FAD044E007B77E1 /* ScreentimeUITests.xctest */ = {isa = PBXFileReference; explicitFileType = wrapper.cfbundle; includeInIndex = 0; path = ScreentimeUITests.xctest; sourceTree = BUILT_PRODUCTS_DIR; };
		810A5E192FAD0583007B77E1 /* monitorExtension.appex */ = {isa = PBXFileReference; explicitFileType = "wrapper.extensionkit-extension"; includeInIndex = 0; path = monitorExtension.appex; sourceTree = BUILT_PRODUCTS_DIR; };
/* End PBXFileReference section */

/* Begin PBXFileSystemSynchronizedBuildFileExceptionSet section */
		810A5E262FAD0584007B77E1 /* Exceptions for "monitorExtension" folder in "monitorExtension" target */ = {
			isa = PBXFileSystemSynchronizedBuildFileExceptionSet;
			membershipExceptions = (
				Info.plist,
			);
			target = 810A5E182FAD0583007B77E1 /* monitorExtension */;
		};
/* End PBXFileSystemSynchronizedBuildFileExceptionSet section */

/* Begin PBXFileSystemSynchronizedRootGroup section */
		810A5DED2FAD044D007B77E1 /* Screentime */ = {
			isa = PBXFileSystemSynchronizedRootGroup;
			path = Screentime;
			sourceTree = "<group>";
		};
		810A5DFB2FAD044E007B77E1 /* ScreentimeTests */ = {
			isa = PBXFileSystemSynchronizedRootGroup;
			path = ScreentimeTests;
			sourceTree = "<group>";
		};
		810A5E052FAD044E007B77E1 /* ScreentimeUITests */ = {
			isa = PBXFileSystemSynchronizedRootGroup;
			path = ScreentimeUITests;
			sourceTree = "<group>";
		};
		810A5E1A2FAD0583007B77E1 /* monitorExtension */ = {
			isa = PBXFileSystemSynchronizedRootGroup;
			exceptions = (
				810A5E262FAD0584007B77E1 /* Exceptions for "monitorExtension" folder in "monitorExtension" target */,
			);
			path = monitorExtension;
			sourceTree = "<group>";
		};
/* End PBXFileSystemSynchronizedRootGroup section */

/* Begin PBXFrameworksBuildPhase section */
		810A5DE82FAD044D007B77E1 /* Frameworks */ = {
			isa = PBXFrameworksBuildPhase;
			buildActionMask = 2147483647;
			files = (
			);
			runOnlyForDeploymentPostprocessing = 0;
		};
		810A5DF52FAD044E007B77E1 /* Frameworks */ = {
			isa = PBXFrameworksBuildPhase;
			buildActionMask = 2147483647;
			files = (
			);
			runOnlyForDeploymentPostprocessing = 0;
		};
		810A5DFF2FAD044E007B77E1 /* Frameworks */ = {
			isa = PBXFrameworksBuildPhase;
			buildActionMask = 2147483647;
			files = (
			);
			runOnlyForDeploymentPostprocessing = 0;
		};
		810A5E162FAD0583007B77E1 /* Frameworks */ = {
			isa = PBXFrameworksBuildPhase;
			buildActionMask = 2147483647;
			files = (
			);
			runOnlyForDeploymentPostprocessing = 0;
		};
/* End PBXFrameworksBuildPhase section */

/* Begin PBXGroup section */
		810A5DE22FAD044D007B77E1 = {
			isa = PBXGroup;
			children = (
				810A5DED2FAD044D007B77E1 /* Screentime */,
				810A5DFB2FAD044E007B77E1 /* ScreentimeTests */,
				810A5E052FAD044E007B77E1 /* ScreentimeUITests */,
				810A5E1A2FAD0583007B77E1 /* monitorExtension */,
				810A5DEC2FAD044D007B77E1 /* Products */,
			);
			sourceTree = "<group>";
		};
		810A5DEC2FAD044D007B77E1 /* Products */ = {
			isa = PBXGroup;
			children = (
				810A5DEB2FAD044D007B77E1 /* Screentime.app */,
				810A5DF82FAD044E007B77E1 /* ScreentimeTests.xctest */,
				810A5E022FAD044E007B77E1 /* ScreentimeUITests.xctest */,
				810A5E192FAD0583007B77E1 /* monitorExtension.appex */,
			);
			name = Products;
			sourceTree = "<group>";
		};
/* End PBXGroup section */

/* Begin PBXNativeTarget section */
		810A5DEA2FAD044D007B77E1 /* Screentime */ = {
			isa = PBXNativeTarget;
			buildConfigurationList = 810A5E0C2FAD044E007B77E1 /* Build configuration list for PBXNativeTarget "Screentime" */;
			buildPhases = (
				810A5DE72FAD044D007B77E1 /* Sources */,
				810A5DE82FAD044D007B77E1 /* Frameworks */,
				810A5DE92FAD044D007B77E1 /* Resources */,
				810A5E2A2FAD0584007B77E1 /* Embed ExtensionKit Extensions */,
			);
			buildRules = (
			);
			dependencies = (
				810A5E242FAD0584007B77E1 /* PBXTargetDependency */,
			);
			fileSystemSynchronizedGroups = (
				810A5DED2FAD044D007B77E1 /* Screentime */,
			);
			name = Screentime;
			packageProductDependencies = (
			);
			productName = Screentime;
			productReference = 810A5DEB2FAD044D007B77E1 /* Screentime.app */;
			productType = "com.apple.product-type.application";
		};
		810A5DF72FAD044E007B77E1 /* ScreentimeTests */ = {
			isa = PBXNativeTarget;
			buildConfigurationList = 810A5E0F2FAD044E007B77E1 /* Build configuration list for PBXNativeTarget "ScreentimeTests" */;
			buildPhases = (
				810A5DF42FAD044E007B77E1 /* Sources */,
				810A5DF52FAD044E007B77E1 /* Frameworks */,
				810A5DF62FAD044E007B77E1 /* Resources */,
			);
			buildRules = (
			);
			dependencies = (
				810A5DFA2FAD044E007B77E1 /* PBXTargetDependency */,
			);
			fileSystemSynchronizedGroups = (
				810A5DFB2FAD044E007B77E1 /* ScreentimeTests */,
			);
			name = ScreentimeTests;
			packageProductDependencies = (
			);
			productName = ScreentimeTests;
			productReference = 810A5DF82FAD044E007B77E1 /* ScreentimeTests.xctest */;
			productType = "com.apple.product-type.bundle.unit-test";
		};
		810A5E012FAD044E007B77E1 /* ScreentimeUITests */ = {
			isa = PBXNativeTarget;
			buildConfigurationList = 810A5E122FAD044E007B77E1 /* Build configuration list for PBXNativeTarget "ScreentimeUITests" */;
			buildPhases = (
				810A5DFE2FAD044E007B77E1 /* Sources */,
				810A5DFF2FAD044E007B77E1 /* Frameworks */,
				810A5E002FAD044E007B77E1 /* Resources */,
			);
			buildRules = (
			);
			dependencies = (
				810A5E042FAD044E007B77E1 /* PBXTargetDependency */,
			);
			fileSystemSynchronizedGroups = (
				810A5E052FAD044E007B77E1 /* ScreentimeUITests */,
			);
			name = ScreentimeUITests;
			packageProductDependencies = (
			);
			productName = ScreentimeUITests;
			productReference = 810A5E022FAD044E007B77E1 /* ScreentimeUITests.xctest */;
			productType = "com.apple.product-type.bundle.ui-testing";
		};
		810A5E182FAD0583007B77E1 /* monitorExtension */ = {
			isa = PBXNativeTarget;
			buildConfigurationList = 810A5E272FAD0584007B77E1 /* Build configuration list for PBXNativeTarget "monitorExtension" */;
			buildPhases = (
				810A5E152FAD0583007B77E1 /* Sources */,
				810A5E162FAD0583007B77E1 /* Frameworks */,
				810A5E172FAD0583007B77E1 /* Resources */,
			);
			buildRules = (
			);
			dependencies = (
			);
			fileSystemSynchronizedGroups = (
				810A5E1A2FAD0583007B77E1 /* monitorExtension */,
			);
			name = monitorExtension;
			packageProductDependencies = (
			);
			productName = monitorExtension;
			productReference = 810A5E192FAD0583007B77E1 /* monitorExtension.appex */;
			productType = "com.apple.product-type.extensionkit-extension";
		};
/* End PBXNativeTarget section */

/* Begin PBXProject section */
		810A5DE32FAD044D007B77E1 /* Project object */ = {
			isa = PBXProject;
			attributes = {
				BuildIndependentTargetsInParallel = 1;
				LastSwiftUpdateCheck = 2620;
				LastUpgradeCheck = 2620;
				TargetAttributes = {
					810A5DEA2FAD044D007B77E1 = {
						CreatedOnToolsVersion = 26.2;
					};
					810A5DF72FAD044E007B77E1 = {
						CreatedOnToolsVersion = 26.2;
						TestTargetID = 810A5DEA2FAD044D007B77E1;
					};
					810A5E012FAD044E007B77E1 = {
						CreatedOnToolsVersion = 26.2;
						TestTargetID = 810A5DEA2FAD044D007B77E1;
					};
					810A5E182FAD0583007B77E1 = {
						CreatedOnToolsVersion = 26.2;
					};
				};
			};
			buildConfigurationList = 810A5DE62FAD044D007B77E1 /* Build configuration list for PBXProject "Screentime" */;
			developmentRegion = en;
			hasScannedForEncodings = 0;
			knownRegions = (
				en,
				Base,
			);
			mainGroup = 810A5DE22FAD044D007B77E1;
			minimizedProjectReferenceProxies = 1;
			preferredProjectObjectVersion = 77;
			productRefGroup = 810A5DEC2FAD044D007B77E1 /* Products */;
			projectDirPath = "";
			projectRoot = "";
			targets = (
				810A5DEA2FAD044D007B77E1 /* Screentime */,
				810A5DF72FAD044E007B77E1 /* ScreentimeTests */,
				810A5E012FAD044E007B77E1 /* ScreentimeUITests */,
				810A5E182FAD0583007B77E1 /* monitorExtension */,
			);
		};
/* End PBXProject section */

/* Begin PBXResourcesBuildPhase section */
		810A5DE92FAD044D007B77E1 /* Resources */ = {
			isa = PBXResourcesBuildPhase;
			buildActionMask = 2147483647;
			files = (
			);
			runOnlyForDeploymentPostprocessing = 0;
		};
		810A5DF62FAD044E007B77E1 /* Resources */ = {
			isa = PBXResourcesBuildPhase;
			buildActionMask = 2147483647;
			files = (
			);
			runOnlyForDeploymentPostprocessing = 0;
		};
		810A5E002FAD044E007B77E1 /* Resources */ = {
			isa = PBXResourcesBuildPhase;
			buildActionMask = 2147483647;
			files = (
			);
			runOnlyForDeploymentPostprocessing = 0;
		};
		810A5E172FAD0583007B77E1 /* Resources */ = {
			isa = PBXResourcesBuildPhase;
			buildActionMask = 2147483647;
			files = (
			);
			runOnlyForDeploymentPostprocessing = 0;
		};
/* End PBXResourcesBuildPhase section */

/* Begin PBXSourcesBuildPhase section */
		810A5DE72FAD044D007B77E1 /* Sources */ = {
			isa = PBXSourcesBuildPhase;
			buildActionMask = 2147483647;
			files = (
			);
			runOnlyForDeploymentPostprocessing = 0;
		};
		810A5DF42FAD044E007B77E1 /* Sources */ = {
			isa = PBXSourcesBuildPhase;
			buildActionMask = 2147483647;
			files = (
			);
			runOnlyForDeploymentPostprocessing = 0;
		};
		810A5DFE2FAD044E007B77E1 /* Sources */ = {
			isa = PBXSourcesBuildPhase;
			buildActionMask = 2147483647;
			files = (
			);
			runOnlyForDeploymentPostprocessing = 0;
		};
		810A5E152FAD0583007B77E1 /* Sources */ = {
			isa = PBXSourcesBuildPhase;
			buildActionMask = 2147483647;
			files = (
			);
			runOnlyForDeploymentPostprocessing = 0;
		};
/* End PBXSourcesBuildPhase section */

/* Begin PBXTargetDependency section */
		810A5DFA2FAD044E007B77E1 /* PBXTargetDependency */ = {
			isa = PBXTargetDependency;
			target = 810A5DEA2FAD044D007B77E1 /* Screentime */;
			targetProxy = 810A5DF92FAD044E007B77E1 /* PBXContainerItemProxy */;
		};
		810A5E042FAD044E007B77E1 /* PBXTargetDependency */ = {
			isa = PBXTargetDependency;
			target = 810A5DEA2FAD044D007B77E1 /* Screentime */;
			targetProxy = 810A5E032FAD044E007B77E1 /* PBXContainerItemProxy */;
		};
		810A5E242FAD0584007B77E1 /* PBXTargetDependency */ = {
			isa = PBXTargetDependency;
			target = 810A5E182FAD0583007B77E1 /* monitorExtension */;
			targetProxy = 810A5E232FAD0584007B77E1 /* PBXContainerItemProxy */;
		};
/* End PBXTargetDependency section */

/* Begin XCBuildConfiguration section */
		810A5E0A2FAD044E007B77E1 /* Debug */ = {
			isa = XCBuildConfiguration;
			buildSettings = {
				ALWAYS_SEARCH_USER_PATHS = NO;
				ASSETCATALOG_COMPILER_GENERATE_SWIFT_ASSET_SYMBOL_EXTENSIONS = YES;
				CLANG_ANALYZER_NONNULL = YES;
				CLANG_ANALYZER_NUMBER_OBJECT_CONVERSION = YES_AGGRESSIVE;
				CLANG_CXX_LANGUAGE_STANDARD = "gnu++20";
				CLANG_ENABLE_MODULES = YES;
				CLANG_ENABLE_OBJC_ARC = YES;
				CLANG_ENABLE_OBJC_WEAK = YES;
				CLANG_WARN_BLOCK_CAPTURE_AUTORELEASING = YES;
				CLANG_WARN_BOOL_CONVERSION = YES;
				CLANG_WARN_COMMA = YES;
				CLANG_WARN_CONSTANT_CONVERSION = YES;
				CLANG_WARN_DEPRECATED_OBJC_IMPLEMENTATIONS = YES;
				CLANG_WARN_DIRECT_OBJC_ISA_USAGE = YES_ERROR;
				CLANG_WARN_DOCUMENTATION_COMMENTS = YES;
				CLANG_WARN_EMPTY_BODY = YES;
				CLANG_WARN_ENUM_CONVERSION = YES;
				CLANG_WARN_INFINITE_RECURSION = YES;
				CLANG_WARN_INT_CONVERSION = YES;
				CLANG_WARN_NON_LITERAL_NULL_CONVERSION = YES;
				CLANG_WARN_OBJC_IMPLICIT_RETAIN_SELF = YES;
				CLANG_WARN_OBJC_LITERAL_CONVERSION = YES;
				CLANG_WARN_OBJC_ROOT_CLASS = YES_ERROR;
				CLANG_WARN_QUOTED_INCLUDE_IN_FRAMEWORK_HEADER = YES;
				CLANG_WARN_RANGE_LOOP_ANALYSIS = YES;
				CLANG_WARN_STRICT_PROTOTYPES = YES;
				CLANG_WARN_SUSPICIOUS_MOVE = YES;
				CLANG_WARN_UNGUARDED_AVAILABILITY = YES_AGGRESSIVE;
				CLANG_WARN_UNREACHABLE_CODE = YES;
				CLANG_WARN__DUPLICATE_METHOD_MATCH = YES;
				COPY_PHASE_STRIP = NO;
				DEBUG_INFORMATION_FORMAT = dwarf;
				DEVELOPMENT_TEAM = 785XN3X32B;
				ENABLE_STRICT_OBJC_MSGSEND = YES;
				ENABLE_TESTABILITY = YES;
				ENABLE_USER_SCRIPT_SANDBOXING = YES;
				GCC_C_LANGUAGE_STANDARD = gnu17;
				GCC_DYNAMIC_NO_PIC = NO;
				GCC_NO_COMMON_BLOCKS = YES;
				GCC_OPTIMIZATION_LEVEL = 0;
				GCC_PREPROCESSOR_DEFINITIONS = (
					"DEBUG=1",
					"$(inherited)",
				);
				GCC_WARN_64_TO_32_BIT_CONVERSION = YES;
				GCC_WARN_ABOUT_RETURN_TYPE = YES_ERROR;
				GCC_WARN_UNDECLARED_SELECTOR = YES;
				GCC_WARN_UNINITIALIZED_AUTOS = YES_AGGRESSIVE;
				GCC_WARN_UNUSED_FUNCTION = YES;
				GCC_WARN_UNUSED_VARIABLE = YES;
				IPHONEOS_DEPLOYMENT_TARGET = 26.2;
				LOCALIZATION_PREFERS_STRING_CATALOGS = YES;
				MTL_ENABLE_DEBUG_INFO = INCLUDE_SOURCE;
				MTL_FAST_MATH = YES;
				ONLY_ACTIVE_ARCH = YES;
				SDKROOT = iphoneos;
				SWIFT_ACTIVE_COMPILATION_CONDITIONS = "DEBUG $(inherited)";
				SWIFT_OPTIMIZATION_LEVEL = "-Onone";
			};
			name = Debug;
		};
		810A5E0B2FAD044E007B77E1 /* Release */ = {
			isa = XCBuildConfiguration;
			buildSettings = {
				ALWAYS_SEARCH_USER_PATHS = NO;
				ASSETCATALOG_COMPILER_GENERATE_SWIFT_ASSET_SYMBOL_EXTENSIONS = YES;
				CLANG_ANALYZER_NONNULL = YES;
				CLANG_ANALYZER_NUMBER_OBJECT_CONVERSION = YES_AGGRESSIVE;
				CLANG_CXX_LANGUAGE_STANDARD = "gnu++20";
				CLANG_ENABLE_MODULES = YES;
				CLANG_ENABLE_OBJC_ARC = YES;
				CLANG_ENABLE_OBJC_WEAK = YES;
				CLANG_WARN_BLOCK_CAPTURE_AUTORELEASING = YES;
				CLANG_WARN_BOOL_CONVERSION = YES;
				CLANG_WARN_COMMA = YES;
				CLANG_WARN_CONSTANT_CONVERSION = YES;
				CLANG_WARN_DEPRECATED_OBJC_IMPLEMENTATIONS = YES;
				CLANG_WARN_DIRECT_OBJC_ISA_USAGE = YES_ERROR;
				CLANG_WARN_DOCUMENTATION_COMMENTS = YES;
				CLANG_WARN_EMPTY_BODY = YES;
				CLANG_WARN_ENUM_CONVERSION = YES;
				CLANG_WARN_INFINITE_RECURSION = YES;
				CLANG_WARN_INT_CONVERSION = YES;
				CLANG_WARN_NON_LITERAL_NULL_CONVERSION = YES;
				CLANG_WARN_OBJC_IMPLICIT_RETAIN_SELF = YES;
				CLANG_WARN_OBJC_LITERAL_CONVERSION = YES;
				CLANG_WARN_OBJC_ROOT_CLASS = YES_ERROR;
				CLANG_WARN_QUOTED_INCLUDE_IN_FRAMEWORK_HEADER = YES;
				CLANG_WARN_RANGE_LOOP_ANALYSIS = YES;
				CLANG_WARN_STRICT_PROTOTYPES = YES;
				CLANG_WARN_SUSPICIOUS_MOVE = YES;
				CLANG_WARN_UNGUARDED_AVAILABILITY = YES_AGGRESSIVE;
				CLANG_WARN_UNREACHABLE_CODE = YES;
				CLANG_WARN__DUPLICATE_METHOD_MATCH = YES;
				COPY_PHASE_STRIP = NO;
				DEBUG_INFORMATION_FORMAT = "dwarf-with-dsym";
				DEVELOPMENT_TEAM = 785XN3X32B;
				ENABLE_NS_ASSERTIONS = NO;
				ENABLE_STRICT_OBJC_MSGSEND = YES;
				ENABLE_USER_SCRIPT_SANDBOXING = YES;
				GCC_C_LANGUAGE_STANDARD = gnu17;
				GCC_NO_COMMON_BLOCKS = YES;
				GCC_WARN_64_TO_32_BIT_CONVERSION = YES;
				GCC_WARN_ABOUT_RETURN_TYPE = YES_ERROR;
				GCC_WARN_UNDECLARED_SELECTOR = YES;
				GCC_WARN_UNINITIALIZED_AUTOS = YES_AGGRESSIVE;
				GCC_WARN_UNUSED_FUNCTION = YES;
				GCC_WARN_UNUSED_VARIABLE = YES;
				IPHONEOS_DEPLOYMENT_TARGET = 26.2;
				LOCALIZATION_PREFERS_STRING_CATALOGS = YES;
				MTL_ENABLE_DEBUG_INFO = NO;
				MTL_FAST_MATH = YES;
				SDKROOT = iphoneos;
				SWIFT_COMPILATION_MODE = wholemodule;
				VALIDATE_PRODUCT = YES;
			};
			name = Release;
		};
		810A5E0D2FAD044E007B77E1 /* Debug */ = {
			isa = XCBuildConfiguration;
			buildSettings = {
				ASSETCATALOG_COMPILER_APPICON_NAME = AppIcon;
				ASSETCATALOG_COMPILER_GLOBAL_ACCENT_COLOR_NAME = AccentColor;
				CODE_SIGN_STYLE = Automatic;
				CURRENT_PROJECT_VERSION = 1;
				DEVELOPMENT_TEAM = 785XN3X32B;
				ENABLE_PREVIEWS = YES;
				GENERATE_INFOPLIST_FILE = YES;
				INFOPLIST_KEY_UIApplicationSceneManifest_Generation = YES;
				INFOPLIST_KEY_UIApplicationSupportsIndirectInputEvents = YES;
				INFOPLIST_KEY_UILaunchScreen_Generation = YES;
				INFOPLIST_KEY_UISupportedInterfaceOrientations_iPad = "UIInterfaceOrientationPortrait UIInterfaceOrientationPortraitUpsideDown UIInterfaceOrientationLandscapeLeft UIInterfaceOrientationLandscapeRight";
				INFOPLIST_KEY_UISupportedInterfaceOrientations_iPhone = "UIInterfaceOrientationPortrait UIInterfaceOrientationLandscapeLeft UIInterfaceOrientationLandscapeRight";
				LD_RUNPATH_SEARCH_PATHS = (
					"$(inherited)",
					"@executable_path/Frameworks",
				);
				MARKETING_VERSION = 1.0;
				PRODUCT_BUNDLE_IDENTIFIER = Time.Screentime;
				PRODUCT_NAME = "$(TARGET_NAME)";
				STRING_CATALOG_GENERATE_SYMBOLS = YES;
				SWIFT_APPROACHABLE_CONCURRENCY = YES;
				SWIFT_DEFAULT_ACTOR_ISOLATION = MainActor;
				SWIFT_EMIT_LOC_STRINGS = YES;
				SWIFT_UPCOMING_FEATURE_MEMBER_IMPORT_VISIBILITY = YES;
				SWIFT_VERSION = 5.0;
				TARGETED_DEVICE_FAMILY = "1,2";
			};
			name = Debug;
		};
		810A5E0E2FAD044E007B77E1 /* Release */ = {
			isa = XCBuildConfiguration;
			buildSettings = {
				ASSETCATALOG_COMPILER_APPICON_NAME = AppIcon;
				ASSETCATALOG_COMPILER_GLOBAL_ACCENT_COLOR_NAME = AccentColor;
				CODE_SIGN_STYLE = Automatic;
				CURRENT_PROJECT_VERSION = 1;
				DEVELOPMENT_TEAM = 785XN3X32B;
				ENABLE_PREVIEWS = YES;
				GENERATE_INFOPLIST_FILE = YES;
				INFOPLIST_KEY_UIApplicationSceneManifest_Generation = YES;
				INFOPLIST_KEY_UIApplicationSupportsIndirectInputEvents = YES;
				INFOPLIST_KEY_UILaunchScreen_Generation = YES;
				INFOPLIST_KEY_UISupportedInterfaceOrientations_iPad = "UIInterfaceOrientationPortrait UIInterfaceOrientationPortraitUpsideDown UIInterfaceOrientationLandscapeLeft UIInterfaceOrientationLandscapeRight";
				INFOPLIST_KEY_UISupportedInterfaceOrientations_iPhone = "UIInterfaceOrientationPortrait UIInterfaceOrientationLandscapeLeft UIInterfaceOrientationLandscapeRight";
				LD_RUNPATH_SEARCH_PATHS = (
					"$(inherited)",
					"@executable_path/Frameworks",
				);
				MARKETING_VERSION = 1.0;
				PRODUCT_BUNDLE_IDENTIFIER = Time.Screentime;
				PRODUCT_NAME = "$(TARGET_NAME)";
				STRING_CATALOG_GENERATE_SYMBOLS = YES;
				SWIFT_APPROACHABLE_CONCURRENCY = YES;
				SWIFT_DEFAULT_ACTOR_ISOLATION = MainActor;
				SWIFT_EMIT_LOC_STRINGS = YES;
				SWIFT_UPCOMING_FEATURE_MEMBER_IMPORT_VISIBILITY = YES;
				SWIFT_VERSION = 5.0;
				TARGETED_DEVICE_FAMILY = "1,2";
			};
			name = Release;
		};
		810A5E102FAD044E007B77E1 /* Debug */ = {
			isa = XCBuildConfiguration;
			buildSettings = {
				BUNDLE_LOADER = "$(TEST_HOST)";
				CODE_SIGN_STYLE = Automatic;
				CURRENT_PROJECT_VERSION = 1;
				DEVELOPMENT_TEAM = 785XN3X32B;
				GENERATE_INFOPLIST_FILE = YES;
				IPHONEOS_DEPLOYMENT_TARGET = 26.2;
				MARKETING_VERSION = 1.0;
				PRODUCT_BUNDLE_IDENTIFIER = Time.ScreentimeTests;
				PRODUCT_NAME = "$(TARGET_NAME)";
				STRING_CATALOG_GENERATE_SYMBOLS = NO;
				SWIFT_APPROACHABLE_CONCURRENCY = YES;
				SWIFT_EMIT_LOC_STRINGS = NO;
				SWIFT_UPCOMING_FEATURE_MEMBER_IMPORT_VISIBILITY = YES;
				SWIFT_VERSION = 5.0;
				TARGETED_DEVICE_FAMILY = "1,2";
				TEST_HOST = "$(BUILT_PRODUCTS_DIR)/Screentime.app/$(BUNDLE_EXECUTABLE_FOLDER_PATH)/Screentime";
			};
			name = Debug;
		};
		810A5E112FAD044E007B77E1 /* Release */ = {
			isa = XCBuildConfiguration;
			buildSettings = {
				BUNDLE_LOADER = "$(TEST_HOST)";
				CODE_SIGN_STYLE = Automatic;
				CURRENT_PROJECT_VERSION = 1;
				DEVELOPMENT_TEAM = 785XN3X32B;
				GENERATE_INFOPLIST_FILE = YES;
				IPHONEOS_DEPLOYMENT_TARGET = 26.2;
				MARKETING_VERSION = 1.0;
				PRODUCT_BUNDLE_IDENTIFIER = Time.ScreentimeTests;
				PRODUCT_NAME = "$(TARGET_NAME)";
				STRING_CATALOG_GENERATE_SYMBOLS = NO;
				SWIFT_APPROACHABLE_CONCURRENCY = YES;
				SWIFT_EMIT_LOC_STRINGS = NO;
				SWIFT_UPCOMING_FEATURE_MEMBER_IMPORT_VISIBILITY = YES;
				SWIFT_VERSION = 5.0;
				TARGETED_DEVICE_FAMILY = "1,2";
				TEST_HOST = "$(BUILT_PRODUCTS_DIR)/Screentime.app/$(BUNDLE_EXECUTABLE_FOLDER_PATH)/Screentime";
			};
			name = Release;
		};
		810A5E132FAD044E007B77E1 /* Debug */ = {
			isa = XCBuildConfiguration;
			buildSettings = {
				CODE_SIGN_STYLE = Automatic;
				CURRENT_PROJECT_VERSION = 1;
				DEVELOPMENT_TEAM = 785XN3X32B;
				GENERATE_INFOPLIST_FILE = YES;
				MARKETING_VERSION = 1.0;
				PRODUCT_BUNDLE_IDENTIFIER = Time.ScreentimeUITests;
				PRODUCT_NAME = "$(TARGET_NAME)";
				STRING_CATALOG_GENERATE_SYMBOLS = NO;
				SWIFT_APPROACHABLE_CONCURRENCY = YES;
				SWIFT_EMIT_LOC_STRINGS = NO;
				SWIFT_UPCOMING_FEATURE_MEMBER_IMPORT_VISIBILITY = YES;
				SWIFT_VERSION = 5.0;
				TARGETED_DEVICE_FAMILY = "1,2";
				TEST_TARGET_NAME = Screentime;
			};
			name = Debug;
		};
		810A5E142FAD044E007B77E1 /* Release */ = {
			isa = XCBuildConfiguration;
			buildSettings = {
				CODE_SIGN_STYLE = Automatic;
				CURRENT_PROJECT_VERSION = 1;
				DEVELOPMENT_TEAM = 785XN3X32B;
				GENERATE_INFOPLIST_FILE = YES;
				MARKETING_VERSION = 1.0;
				PRODUCT_BUNDLE_IDENTIFIER = Time.ScreentimeUITests;
				PRODUCT_NAME = "$(TARGET_NAME)";
				STRING_CATALOG_GENERATE_SYMBOLS = NO;
				SWIFT_APPROACHABLE_CONCURRENCY = YES;
				SWIFT_EMIT_LOC_STRINGS = NO;
				SWIFT_UPCOMING_FEATURE_MEMBER_IMPORT_VISIBILITY = YES;
				SWIFT_VERSION = 5.0;
				TARGETED_DEVICE_FAMILY = "1,2";
				TEST_TARGET_NAME = Screentime;
			};
			name = Release;
		};
		810A5E282FAD0584007B77E1 /* Debug */ = {
			isa = XCBuildConfiguration;
			buildSettings = {
				CODE_SIGN_ENTITLEMENTS = monitorExtension/monitorExtension.entitlements;
				CODE_SIGN_STYLE = Automatic;
				CURRENT_PROJECT_VERSION = 1;
				DEVELOPMENT_TEAM = 785XN3X32B;
				GENERATE_INFOPLIST_FILE = YES;
				INFOPLIST_FILE = monitorExtension/Info.plist;
				INFOPLIST_KEY_CFBundleDisplayName = monitorExtension;
				INFOPLIST_KEY_NSHumanReadableCopyright = "";
				LD_RUNPATH_SEARCH_PATHS = (
					"$(inherited)",
					"@executable_path/Frameworks",
					"@executable_path/../../Frameworks",
				);
				MARKETING_VERSION = 1.0;
				PRODUCT_BUNDLE_IDENTIFIER = Time.Screentime.monitorExtension;
				PRODUCT_NAME = "$(TARGET_NAME)";
				SKIP_INSTALL = YES;
				STRING_CATALOG_GENERATE_SYMBOLS = YES;
				SWIFT_APPROACHABLE_CONCURRENCY = YES;
				SWIFT_EMIT_LOC_STRINGS = YES;
				SWIFT_UPCOMING_FEATURE_MEMBER_IMPORT_VISIBILITY = YES;
				SWIFT_VERSION = 5.0;
				TARGETED_DEVICE_FAMILY = "1,2";
			};
			name = Debug;
		};
		810A5E292FAD0584007B77E1 /* Release */ = {
			isa = XCBuildConfiguration;
			buildSettings = {
				CODE_SIGN_ENTITLEMENTS = monitorExtension/monitorExtension.entitlements;
				CODE_SIGN_STYLE = Automatic;
				CURRENT_PROJECT_VERSION = 1;
				DEVELOPMENT_TEAM = 785XN3X32B;
				GENERATE_INFOPLIST_FILE = YES;
				INFOPLIST_FILE = monitorExtension/Info.plist;
				INFOPLIST_KEY_CFBundleDisplayName = monitorExtension;
				INFOPLIST_KEY_NSHumanReadableCopyright = "";
				LD_RUNPATH_SEARCH_PATHS = (
					"$(inherited)",
					"@executable_path/Frameworks",
					"@executable_path/../../Frameworks",
				);
				MARKETING_VERSION = 1.0;
				PRODUCT_BUNDLE_IDENTIFIER = Time.Screentime.monitorExtension;
				PRODUCT_NAME = "$(TARGET_NAME)";
				SKIP_INSTALL = YES;
				STRING_CATALOG_GENERATE_SYMBOLS = YES;
				SWIFT_APPROACHABLE_CONCURRENCY = YES;
				SWIFT_EMIT_LOC_STRINGS = YES;
				SWIFT_UPCOMING_FEATURE_MEMBER_IMPORT_VISIBILITY = YES;
				SWIFT_VERSION = 5.0;
				TARGETED_DEVICE_FAMILY = "1,2";
			};
			name = Release;
		};
/* End XCBuildConfiguration section */

/* Begin XCConfigurationList section */
		810A5DE62FAD044D007B77E1 /* Build configuration list for PBXProject "Screentime" */ = {
			isa = XCConfigurationList;
			buildConfigurations = (
				810A5E0A2FAD044E007B77E1 /* Debug */,
				810A5E0B2FAD044E007B77E1 /* Release */,
			);
			defaultConfigurationIsVisible = 0;
			defaultConfigurationName = Release;
		};
		810A5E0C2FAD044E007B77E1 /* Build configuration list for PBXNativeTarget "Screentime" */ = {
			isa = XCConfigurationList;
			buildConfigurations = (
				810A5E0D2FAD044E007B77E1 /* Debug */,
				810A5E0E2FAD044E007B77E1 /* Release */,
			);
			defaultConfigurationIsVisible = 0;
			defaultConfigurationName = Release;
		};
		810A5E0F2FAD044E007B77E1 /* Build configuration list for PBXNativeTarget "ScreentimeTests" */ = {
			isa = XCConfigurationList;
			buildConfigurations = (
				810A5E102FAD044E007B77E1 /* Debug */,
				810A5E112FAD044E007B77E1 /* Release */,
			);
			defaultConfigurationIsVisible = 0;
			defaultConfigurationName = Release;
		};
		810A5E122FAD044E007B77E1 /* Build configuration list for PBXNativeTarget "ScreentimeUITests" */ = {
			isa = XCConfigurationList;
			buildConfigurations = (
				810A5E132FAD044E007B77E1 /* Debug */,
				810A5E142FAD044E007B77E1 /* Release */,
			);
			defaultConfigurationIsVisible = 0;
			defaultConfigurationName = Release;
		};
		810A5E272FAD0584007B77E1 /* Build configuration list for PBXNativeTarget "monitorExtension" */ = {
			isa = XCConfigurationList;
			buildConfigurations = (
				810A5E282FAD0584007B77E1 /* Debug */,
				810A5E292FAD0584007B77E1 /* Release */,
			);
			defaultConfigurationIsVisible = 0;
			defaultConfigurationName = Release;
		};
/* End XCConfigurationList section */
	};
	rootObject = 810A5DE32FAD044D007B77E1 /* Project object */;
}
